
Microsoft Visual Studio Solution File, Format Version 12.00
# Visual Studio 2013
VisualStudioVersion = 12.0.31101.0
MinimumVisualStudioVersion = 10.0.40219.1
Project("{FAE04EC0-301F-11D3-BF4B-00C04F79EFBC}") = "Business.MVCWeb", "Business.MVCWeb\Business.MVCWeb.csproj", "{4DE4E975-444E-4A70-8A12-803EE11B1E70}"
EndProject
Project("{FAE04EC0-301F-11D3-BF4B-00C04F79EFBC}") = "Business.Data", "Business.Data\Business.Data.csproj", "{0BDD0400-8C24-4961-82FD-3264DAFDF525}"
EndProject
Project("{2150E333-8FDC-42A3-9474-1A3956D46DE8}") = "01 Client", "01 Client", "{2F4F314C-4155-45AB-A291-E92F83FF4365}"
EndProject
Project("{2150E333-8FDC-42A3-9474-1A3956D46DE8}") = "02 BusinessInterface", "02 BusinessInterface", "{AAA89266-F49C-4CB0-8F61-A23DF68515DE}"
EndProject
Project("{2150E333-8FDC-42A3-9474-1A3956D46DE8}") = "03 RepositoryInterface", "03 RepositoryInterface", "{3AE4D69D-37D0-41C3-B2AB-9A5C8D154B69}"
EndProject
Project("{2150E333-8FDC-42A3-9474-1A3956D46DE8}") = "04 Domian", "04 Domian", "{9A5C554D-8370-4E24-B0AD-4B65BE111F4D}"
EndProject
Project("{2150E333-8FDC-42A3-9474-1A3956D46DE8}") = "05 DependencyResolver", "05 DependencyResolver", "{6FBC93C1-C7AE-4628-BBBD-8396BD868FA1}"
EndProject
Project("{2150E333-8FDC-42A3-9474-1A3956D46DE8}") = "06 Dependency", "06 Dependency", "{457F8D01-46C5-4965-BA6E-347B06CF3598}"
EndProject
Project("{2150E333-8FDC-42A3-9474-1A3956D46DE8}") = "Data", "Data", "{E1016C69-96A5-49A8-B566-9DB7A798D50A}"
EndProject
Project("{FAE04EC0-301F-11D3-BF4B-00C04F79EFBC}") = "Business.RepositoryInterface", "Business.RepositoryInterface\Business.RepositoryInterface.csproj", "{927BBEF8-7CB8-41D2-91B4-AE8521DC28B4}"
EndProject
Project("{FAE04EC0-301F-11D3-BF4B-00C04F79EFBC}") = "Business.Domain", "Business.Domain\Business.Domain.csproj", "{C68936DD-278E-4B84-9C94-0F5A2EEADAFB}"
EndProject
Project("{FAE04EC0-301F-11D3-BF4B-00C04F79EFBC}") = "Business.DIResolver", "Business.DIResolver\Business.DIResolver.csproj", "{EFC76A6F-A08B-48ED-8B63-A6624EC856CE}"
EndProject
Project("{FAE04EC0-301F-11D3-BF4B-00C04F79EFBC}") = "Business.MVCWeb.Tests.Unit", "Business.MVCWeb.Tests.Unit\Business.MVCWeb.Tests.Unit.csproj", "{B4FCC7B1-34C6-473B-A983-AC549466320E}"
EndProject
Project("{FAE04EC0-301F-11D3-BF4B-00C04F79EFBC}") = "Business.WebApi", "Business.WebApi\Business.WebApi.csproj", "{089A84E6-3FDD-44C2-BB61-867229ED6205}"
EndProject
Project("{FAE04EC0-301F-11D3-BF4B-00C04F79EFBC}") = "Business.AngularApp", "Business.AngularApp\Business.AngularApp.csproj", "{DEB68AB9-3FB8-48AD-82BC-508A9469F2DF}"
EndProject
Global
	GlobalSection(SolutionConfigurationPlatforms) = preSolution
		Debug|Any CPU = Debug|Any CPU
		Release|Any CPU = Release|Any CPU
	EndGlobalSection
	GlobalSection(ProjectConfigurationPlatforms) = postSolution
		{4DE4E975-444E-4A70-8A12-803EE11B1E70}.Debug|Any CPU.ActiveCfg = Debug|Any CPU
		{4DE4E975-444E-4A70-8A12-803EE11B1E70}.Debug|Any CPU.Build.0 = Debug|Any CPU
		{4DE4E975-444E-4A70-8A12-803EE11B1E70}.Release|Any CPU.ActiveCfg = Release|Any CPU
		{4DE4E975-444E-4A70-8A12-803EE11B1E70}.Release|Any CPU.Build.0 = Release|Any CPU
		{0BDD0400-8C24-4961-82FD-3264DAFDF525}.Debug|Any CPU.ActiveCfg = Debug|Any CPU
		{0BDD0400-8C24-4961-82FD-3264DAFDF525}.Debug|Any CPU.Build.0 = Debug|Any CPU
		{0BDD0400-8C24-4961-82FD-3264DAFDF525}.Release|Any CPU.ActiveCfg = Release|Any CPU
		{0BDD0400-8C24-4961-82FD-3264DAFDF525}.Release|Any CPU.Build.0 = Release|Any CPU
		{927BBEF8-7CB8-41D2-91B4-AE8521DC28B4}.Debug|Any CPU.ActiveCfg = Debug|Any CPU
		{927BBEF8-7CB8-41D2-91B4-AE8521DC28B4}.Debug|Any CPU.Build.0 = Debug|Any CPU
		{927BBEF8-7CB8-41D2-91B4-AE8521DC28B4}.Release|Any CPU.ActiveCfg = Release|Any CPU
		{927BBEF8-7CB8-41D2-91B4-AE8521DC28B4}.Release|Any CPU.Build.0 = Release|Any CPU
		{C68936DD-278E-4B84-9C94-0F5A2EEADAFB}.Debug|Any CPU.ActiveCfg = Debug|Any CPU
		{C68936DD-278E-4B84-9C94-0F5A2EEADAFB}.Debug|Any CPU.Build.0 = Debug|Any CPU
		{C68936DD-278E-4B84-9C94-0F5A2EEADAFB}.Release|Any CPU.ActiveCfg = Release|Any CPU
		{C68936DD-278E-4B84-9C94-0F5A2EEADAFB}.Release|Any CPU.Build.0 = Release|Any CPU
		{EFC76A6F-A08B-48ED-8B63-A6624EC856CE}.Debug|Any CPU.ActiveCfg = Debug|Any CPU
		{EFC76A6F-A08B-48ED-8B63-A6624EC856CE}.Debug|Any CPU.Build.0 = Debug|Any CPU
		{EFC76A6F-A08B-48ED-8B63-A6624EC856CE}.Release|Any CPU.ActiveCfg = Release|Any CPU
		{EFC76A6F-A08B-48ED-8B63-A6624EC856CE}.Release|Any CPU.Build.0 = Release|Any CPU
		{B4FCC7B1-34C6-473B-A983-AC549466320E}.Debug|Any CPU.ActiveCfg = Debug|Any CPU
		{B4FCC7B1-34C6-473B-A983-AC549466320E}.Debug|Any CPU.Build.0 = Debug|Any CPU
		{B4FCC7B1-34C6-473B-A983-AC549466320E}.Release|Any CPU.ActiveCfg = Release|Any CPU
		{B4FCC7B1-34C6-473B-A983-AC549466320E}.Release|Any CPU.Build.0 = Release|Any CPU
		{089A84E6-3FDD-44C2-BB61-867229ED6205}.Debug|Any CPU.ActiveCfg = Debug|Any CPU
		{089A84E6-3FDD-44C2-BB61-867229ED6205}.Debug|Any CPU.Build.0 = Debug|Any CPU
		{089A84E6-3FDD-44C2-BB61-867229ED6205}.Release|Any CPU.ActiveCfg = Release|Any CPU
		{089A84E6-3FDD-44C2-BB61-867229ED6205}.Release|Any CPU.Build.0 = Release|Any CPU
		{DEB68AB9-3FB8-48AD-82BC-508A9469F2DF}.Debug|Any CPU.ActiveCfg = Debug|Any CPU
		{DEB68AB9-3FB8-48AD-82BC-508A9469F2DF}.Debug|Any CPU.Build.0 = Debug|Any CPU
		{DEB68AB9-3FB8-48AD-82BC-508A9469F2DF}.Release|Any CPU.ActiveCfg = Release|Any CPU
		{DEB68AB9-3FB8-48AD-82BC-508A9469F2DF}.Release|Any CPU.Build.0 = Release|Any CPU
	EndGlobalSection
	GlobalSection(SolutionProperties) = preSolution
		HideSolutionNode = FALSE
	EndGlobalSection
	GlobalSection(NestedProjects) = preSolution
		{4DE4E975-444E-4A70-8A12-803EE11B1E70} = {2F4F314C-4155-45AB-A291-E92F83FF4365}
		{0BDD0400-8C24-4961-82FD-3264DAFDF525} = {E1016C69-96A5-49A8-B566-9DB7A798D50A}
		{E1016C69-96A5-49A8-B566-9DB7A798D50A} = {457F8D01-46C5-4965-BA6E-347B06CF3598}
		{927BBEF8-7CB8-41D2-91B4-AE8521DC28B4} = {3AE4D69D-37D0-41C3-B2AB-9A5C8D154B69}
		{C68936DD-278E-4B84-9C94-0F5A2EEADAFB} = {9A5C554D-8370-4E24-B0AD-4B65BE111F4D}
		{EFC76A6F-A08B-48ED-8B63-A6624EC856CE} = {6FBC93C1-C7AE-4628-BBBD-8396BD868FA1}
		{B4FCC7B1-34C6-473B-A983-AC549466320E} = {2F4F314C-4155-45AB-A291-E92F83FF4365}
		{089A84E6-3FDD-44C2-BB61-867229ED6205} = {2F4F314C-4155-45AB-A291-E92F83FF4365}
		{DEB68AB9-3FB8-48AD-82BC-508A9469F2DF} = {2F4F314C-4155-45AB-A291-E92F83FF4365}
	EndGlobalSection
EndGlobal
